
Microsoft Visual Studio Solution File, Format Version 12.00
# Visual Studio Version 16
VisualStudioVersion = 16.0.28701.123
MinimumVisualStudioVersion = 10.0.40219.1
Project("{FAE04EC0-301F-11D3-BF4B-00C04F79EFBC}") = "NavigationLib", "NavigationLib\NavigationLib.csproj", "{8B5E6E5A-9F5E-4C5E-9E5E-5E5E5E5E5E5E}"
EndProject
Project("{FAE04EC0-301F-11D3-BF4B-00C04F79EFBC}") = "NavigationLib.Tests", "NavigationLib.Tests\NavigationLib.Tests.csproj", "{9C5E7E7A-8F6E-4D6E-8E7E-7E7E7E7E7E7E}"
EndProject
Project("{FAE04EC0-301F-11D3-BF4B-00C04F79EFBC}") = "NavigationDemo", "NavigationDemo\NavigationDemo.csproj", "{7D4E8E8A-9F7E-4E7E-9E8E-8E8E8E8E8E8E}"
EndProject
Global
	GlobalSection(SolutionConfigurationPlatforms) = preSolution
		Debug|Any CPU = Debug|Any CPU
		Release|Any CPU = Release|Any CPU
	EndGlobalSection
	GlobalSection(ProjectConfigurationPlatforms) = postSolution
		{8B5E6E5A-9F5E-4C5E-9E5E-5E5E5E5E5E5E}.Debug|Any CPU.ActiveCfg = Debug|Any CPU
		{8B5E6E5A-9F5E-4C5E-9E5E-5E5E5E5E5E5E}.Debug|Any CPU.Build.0 = Debug|Any CPU
		{8B5E6E5A-9F5E-4C5E-9E5E-5E5E5E5E5E5E}.Release|Any CPU.ActiveCfg = Release|Any CPU
		{8B5E6E5A-9F5E-4C5E-9E5E-5E5E5E5E5E5E}.Release|Any CPU.Build.0 = Release|Any CPU
		{9C5E7E7A-8F6E-4D6E-8E7E-7E7E7E7E7E7E}.Debug|Any CPU.ActiveCfg = Debug|Any CPU
		{9C5E7E7A-8F6E-4D6E-8E7E-7E7E7E7E7E7E}.Debug|Any CPU.Build.0 = Debug|Any CPU
		{9C5E7E7A-8F6E-4D6E-8E7E-7E7E7E7E7E7E}.Release|Any CPU.ActiveCfg = Release|Any CPU
		{9C5E7E7A-8F6E-4D6E-8E7E-7E7E7E7E7E7E}.Release|Any CPU.Build.0 = Release|Any CPU
		{7D4E8E8A-9F7E-4E7E-9E8E-8E8E8E8E8E8E}.Debug|Any CPU.ActiveCfg = Debug|Any CPU
		{7D4E8E8A-9F7E-4E7E-9E8E-8E8E8E8E8E8E}.Debug|Any CPU.Build.0 = Debug|Any CPU
		{7D4E8E8A-9F7E-4E7E-9E8E-8E8E8E8E8E8E}.Release|Any CPU.ActiveCfg = Release|Any CPU
		{7D4E8E8A-9F7E-4E7E-9E8E-8E8E8E8E8E8E}.Release|Any CPU.Build.0 = Release|Any CPU
	EndGlobalSection
	GlobalSection(SolutionProperties) = preSolution
		HideSolutionNode = FALSE
	EndGlobalSection
	GlobalSection(ExtensibilityGlobals) = postSolution
		SolutionGuid = {A1B2C3D4-E5F6-4A5B-8C9D-0E1F2A3B4C5D}
	EndGlobalSection
EndGlobal
